
Microsoft Visual Studio Solution File, Format Version 12.00
# Visual Studio Version 17
VisualStudioVersion = 17.9.34728.123
MinimumVisualStudioVersion = 10.0.40219.1
Project("{FAE04EC0-301F-11D3-BF4B-00C04F79EFBC}") = "Draw-poker", "Draw-poker\Draw-poker.csproj", "{D0613804-6BDF-4B78-A1A1-82968D75ECF9}"
EndProject
Project("{FAE04EC0-301F-11D3-BF4B-00C04F79EFBC}") = "Draw-poker.Core", "Draw-poker.Core\Draw-poker.Core.csproj", "{A00B50A8-5BFB-4EC2-91B8-5FA635E7DDD4}"
EndProject
Global
	GlobalSection(SolutionConfigurationPlatforms) = preSolution
		Debug|Any CPU = Debug|Any CPU
		Release|Any CPU = Release|Any CPU
	EndGlobalSection
	GlobalSection(ProjectConfigurationPlatforms) = postSolution
		{D0613804-6BDF-4B78-A1A1-82968D75ECF9}.Debug|Any CPU.ActiveCfg = Debug|Any CPU
		{D0613804-6BDF-4B78-A1A1-82968D75ECF9}.Debug|Any CPU.Build.0 = Debug|Any CPU
		{D0613804-6BDF-4B78-A1A1-82968D75ECF9}.Release|Any CPU.ActiveCfg = Release|Any CPU
		{D0613804-6BDF-4B78-A1A1-82968D75ECF9}.Release|Any CPU.Build.0 = Release|Any CPU
		{A00B50A8-5BFB-4EC2-91B8-5FA635E7DDD4}.Debug|Any CPU.ActiveCfg = Debug|Any CPU
		{A00B50A8-5BFB-4EC2-91B8-5FA635E7DDD4}.Debug|Any CPU.Build.0 = Debug|Any CPU
		{A00B50A8-5BFB-4EC2-91B8-5FA635E7DDD4}.Release|Any CPU.ActiveCfg = Release|Any CPU
		{A00B50A8-5BFB-4EC2-91B8-5FA635E7DDD4}.Release|Any CPU.Build.0 = Release|Any CPU
	EndGlobalSection
	GlobalSection(SolutionProperties) = preSolution
		HideSolutionNode = FALSE
	EndGlobalSection
	GlobalSection(ExtensibilityGlobals) = postSolution
		SolutionGuid = {8DBB912A-DB30-496F-9F82-58B7D1676B2E}
	EndGlobalSection
EndGlobal
